// !$*UTF8*$!
{
	archiveVersion = 1;
	classes = {
	};
	objectVersion = 46;
	objects = {

/* Begin PBXBuildFile section */
		1222FA7020E78B60005CE33E /* main.cpp in Sources */ = {isa = PBXBuildFile; fileRef = 1222FA6D20E78B60005CE33E /* main.cpp */; };
		1222FA7120E78B60005CE33E /* player.cpp in Sources */ = {isa = PBXBuildFile; fileRef = 1222FA6E20E78B60005CE33E /* player.cpp */; };
		1222FA7220E78B60005CE33E /* testCmd.cpp in Sources */ = {isa = PBXBuildFile; fileRef = 1222FA6F20E78B60005CE33E /* testCmd.cpp */; };
		1238867620E7771400F0DA4E /* libSDL2.a in Frameworks */ = {isa = PBXBuildFile; fileRef = 1238867520E7771400F0DA4E /* libSDL2.a */; };
		1238867E20E7773200F0DA4E /* libavcodec.a in Frameworks */ = {isa = PBXBuildFile; fileRef = 1238867720E7773200F0DA4E /* libavcodec.a */; };
		1238867F20E7773200F0DA4E /* libavdevice.a in Frameworks */ = {isa = PBXBuildFile; fileRef = 1238867820E7773200F0DA4E /* libavdevice.a */; };
		1238868020E7773200F0DA4E /* libavfilter.a in Frameworks */ = {isa = PBXBuildFile; fileRef = 1238867920E7773200F0DA4E /* libavfilter.a */; };
		1238868120E7773200F0DA4E /* libavformat.a in Frameworks */ = {isa = PBXBuildFile; fileRef = 1238867A20E7773200F0DA4E /* libavformat.a */; };
		1238868220E7773200F0DA4E /* libavutil.a in Frameworks */ = {isa = PBXBuildFile; fileRef = 1238867B20E7773200F0DA4E /* libavutil.a */; };
		1238868320E7773200F0DA4E /* libswresample.a in Frameworks */ = {isa = PBXBuildFile; fileRef = 1238867C20E7773200F0DA4E /* libswresample.a */; };
		1238868420E7773200F0DA4E /* libswscale.a in Frameworks */ = {isa = PBXBuildFile; fileRef = 1238867D20E7773200F0DA4E /* libswscale.a */; };
		1238869620E77A8400F0DA4E /* libFFL.a in Frameworks */ = {isa = PBXBuildFile; fileRef = 1238868F20E77A2500F0DA4E /* libFFL.a */; };
		1238869720E77A8400F0DA4E /* libplayerLib.a in Frameworks */ = {isa = PBXBuildFile; fileRef = 1238869120E77A2500F0DA4E /* libplayerLib.a */; };
		123886A220E77B0700F0DA4E /* AVFoundation.framework in Frameworks */ = {isa = PBXBuildFile; fileRef = 1238869820E77B0700F0DA4E /* AVFoundation.framework */; };
		123886A320E77B0700F0DA4E /* GameController.framework in Frameworks */ = {isa = PBXBuildFile; fileRef = 1238869920E77B0700F0DA4E /* GameController.framework */; };
		123886A420E77B0700F0DA4E /* CoreMotion.framework in Frameworks */ = {isa = PBXBuildFile; fileRef = 1238869A20E77B0700F0DA4E /* CoreMotion.framework */; };
		123886A520E77B0700F0DA4E /* AudioToolbox.framework in Frameworks */ = {isa = PBXBuildFile; fileRef = 1238869B20E77B0700F0DA4E /* AudioToolbox.framework */; };
		123886A620E77B0700F0DA4E /* QuartzCore.framework in Frameworks */ = {isa = PBXBuildFile; fileRef = 1238869C20E77B0700F0DA4E /* QuartzCore.framework */; };
		123886A720E77B0700F0DA4E /* OpenGLES.framework in Frameworks */ = {isa = PBXBuildFile; fileRef = 1238869D20E77B0700F0DA4E /* OpenGLES.framework */; };
		123886A820E77B0700F0DA4E /* CoreGraphics.framework in Frameworks */ = {isa = PBXBuildFile; fileRef = 1238869E20E77B0700F0DA4E /* CoreGraphics.framework */; };
		123886A920E77B0700F0DA4E /* UIKit.framework in Frameworks */ = {isa = PBXBuildFile; fileRef = 1238869F20E77B0700F0DA4E /* UIKit.framework */; };
		123886AA20E77B0700F0DA4E /* Foundation.framework in Frameworks */ = {isa = PBXBuildFile; fileRef = 123886A020E77B0700F0DA4E /* Foundation.framework */; };
		123886AB20E77B0700F0DA4E /* CoreAudio.framework in Frameworks */ = {isa = PBXBuildFile; fileRef = 123886A120E77B0700F0DA4E /* CoreAudio.framework */; };
		123886AD20E77D5400F0DA4E /* CoreVideo.framework in Frameworks */ = {isa = PBXBuildFile; fileRef = 123886AC20E77D5400F0DA4E /* CoreVideo.framework */; };
		123886AF20E77D7500F0DA4E /* CoreMedia.framework in Frameworks */ = {isa = PBXBuildFile; fileRef = 123886AE20E77D7500F0DA4E /* CoreMedia.framework */; };
		123886B120E77D8A00F0DA4E /* CoreFoundation.framework in Frameworks */ = {isa = PBXBuildFile; fileRef = 123886B020E77D8A00F0DA4E /* CoreFoundation.framework */; };
		123886B320E77D9300F0DA4E /* VideoToolbox.framework in Frameworks */ = {isa = PBXBuildFile; fileRef = 123886B220E77D9300F0DA4E /* VideoToolbox.framework */; };
		123886B620E77DEF00F0DA4E /* libbz2.tbd in Frameworks */ = {isa = PBXBuildFile; fileRef = 123886B420E77DEF00F0DA4E /* libbz2.tbd */; };
		123886B720E77DEF00F0DA4E /* libz.tbd in Frameworks */ = {isa = PBXBuildFile; fileRef = 123886B520E77DEF00F0DA4E /* libz.tbd */; };
		123886B920E77E3400F0DA4E /* libiconv.tbd in Frameworks */ = {isa = PBXBuildFile; fileRef = 123886B820E77E3400F0DA4E /* libiconv.tbd */; };
		12CD171220E74D7A0011DCD6 /* Main.storyboard in Resources */ = {isa = PBXBuildFile; fileRef = 12CD171020E74D7A0011DCD6 /* Main.storyboard */; };
		12CD171420E74D7A0011DCD6 /* Assets.xcassets in Resources */ = {isa = PBXBuildFile; fileRef = 12CD171320E74D7A0011DCD6 /* Assets.xcassets */; };
		12CD171720E74D7A0011DCD6 /* LaunchScreen.storyboard in Resources */ = {isa = PBXBuildFile; fileRef = 12CD171520E74D7A0011DCD6 /* LaunchScreen.storyboard */; };
/* End PBXBuildFile section */

/* Begin PBXContainerItemProxy section */
		1238868E20E77A2500F0DA4E /* PBXContainerItemProxy */ = {
			isa = PBXContainerItemProxy;
			containerPortal = 1238868720E77A2500F0DA4E /* Project.xcodeproj */;
			proxyType = 2;
			remoteGlobalIDString = 999D68DD0C8B4F9E9731C1D2;
			remoteInfo = FFL;
		};
		1238869020E77A2500F0DA4E /* PBXContainerItemProxy */ = {
			isa = PBXContainerItemProxy;
			containerPortal = 1238868720E77A2500F0DA4E /* Project.xcodeproj */;
			proxyType = 2;
			remoteGlobalIDString = F0293EBF02824A8EAC7220EA;
			remoteInfo = playerLib;
		};
		1238869220E77A7D00F0DA4E /* PBXContainerItemProxy */ = {
			isa = PBXContainerItemProxy;
			containerPortal = 1238868720E77A2500F0DA4E /* Project.xcodeproj */;
			proxyType = 1;
			remoteGlobalIDString = F4BED2D6F2CA408D839D7FF5;
			remoteInfo = FFL;
		};
		1238869420E77A7D00F0DA4E /* PBXContainerItemProxy */ = {
			isa = PBXContainerItemProxy;
			containerPortal = 1238868720E77A2500F0DA4E /* Project.xcodeproj */;
			proxyType = 1;
			remoteGlobalIDString = CC4FC77240584E6292B743C2;
			remoteInfo = playerLib;
		};
/* End PBXContainerItemProxy section */

/* Begin PBXFileReference section */
		1222FA6D20E78B60005CE33E /* main.cpp */ = {isa = PBXFileReference; fileEncoding = 4; lastKnownFileType = sourcecode.cpp.cpp; name = main.cpp; path = ../../../player/player/main.cpp; sourceTree = "<group>"; };
		1222FA6E20E78B60005CE33E /* player.cpp */ = {isa = PBXFileReference; fileEncoding = 4; lastKnownFileType = sourcecode.cpp.cpp; name = player.cpp; path = ../../../player/player/player.cpp; sourceTree = "<group>"; };
		1222FA6F20E78B60005CE33E /* testCmd.cpp */ = {isa = PBXFileReference; fileEncoding = 4; lastKnownFileType = sourcecode.cpp.cpp; name = testCmd.cpp; path = ../../../player/player/testCmd.cpp; sourceTree = "<group>"; };
		1238867520E7771400F0DA4E /* libSDL2.a */ = {isa = PBXFileReference; lastKnownFileType = archive.ar; name = libSDL2.a; path = "../../third/SDL2/lib/ios/Debug-iphonesimulator/libSDL2.a"; sourceTree = "<group>"; };
		1238867720E7773200F0DA4E /* libavcodec.a */ = {isa = PBXFileReference; lastKnownFileType = archive.ar; name = libavcodec.a; path = ../../third/FFmpeg3.3.5/output_ios_static/lib/libavcodec.a; sourceTree = "<group>"; };
		1238867820E7773200F0DA4E /* libavdevice.a */ = {isa = PBXFileReference; lastKnownFileType = archive.ar; name = libavdevice.a; path = ../../third/FFmpeg3.3.5/output_ios_static/lib/libavdevice.a; sourceTree = "<group>"; };
		1238867920E7773200F0DA4E /* libavfilter.a */ = {isa = PBXFileReference; lastKnownFileType = archive.ar; name = libavfilter.a; path = ../../third/FFmpeg3.3.5/output_ios_static/lib/libavfilter.a; sourceTree = "<group>"; };
		1238867A20E7773200F0DA4E /* libavformat.a */ = {isa = PBXFileReference; lastKnownFileType = archive.ar; name = libavformat.a; path = ../../third/FFmpeg3.3.5/output_ios_static/lib/libavformat.a; sourceTree = "<group>"; };
		1238867B20E7773200F0DA4E /* libavutil.a */ = {isa = PBXFileReference; lastKnownFileType = archive.ar; name = libavutil.a; path = ../../third/FFmpeg3.3.5/output_ios_static/lib/libavutil.a; sourceTree = "<group>"; };
		1238867C20E7773200F0DA4E /* libswresample.a */ = {isa = PBXFileReference; lastKnownFileType = archive.ar; name = libswresample.a; path = ../../third/FFmpeg3.3.5/output_ios_static/lib/libswresample.a; sourceTree = "<group>"; };
		1238867D20E7773200F0DA4E /* libswscale.a */ = {isa = PBXFileReference; lastKnownFileType = archive.ar; name = libswscale.a; path = ../../third/FFmpeg3.3.5/output_ios_static/lib/libswscale.a; sourceTree = "<group>"; };
		1238868720E77A2500F0DA4E /* Project.xcodeproj */ = {isa = PBXFileReference; lastKnownFileType = "wrapper.pb-project"; name = Project.xcodeproj; path = "../../ide-ios/Project.xcodeproj"; sourceTree = "<group>"; };
		1238869820E77B0700F0DA4E /* AVFoundation.framework */ = {isa = PBXFileReference; lastKnownFileType = wrapper.framework; name = AVFoundation.framework; path = System/Library/Frameworks/AVFoundation.framework; sourceTree = SDKROOT; };
		1238869920E77B0700F0DA4E /* GameController.framework */ = {isa = PBXFileReference; lastKnownFileType = wrapper.framework; name = GameController.framework; path = System/Library/Frameworks/GameController.framework; sourceTree = SDKROOT; };
		1238869A20E77B0700F0DA4E /* CoreMotion.framework */ = {isa = PBXFileReference; lastKnownFileType = wrapper.framework; name = CoreMotion.framework; path = System/Library/Frameworks/CoreMotion.framework; sourceTree = SDKROOT; };
		1238869B20E77B0700F0DA4E /* AudioToolbox.framework */ = {isa = PBXFileReference; lastKnownFileType = wrapper.framework; name = AudioToolbox.framework; path = System/Library/Frameworks/AudioToolbox.framework; sourceTree = SDKROOT; };
		1238869C20E77B0700F0DA4E /* QuartzCore.framework */ = {isa = PBXFileReference; lastKnownFileType = wrapper.framework; name = QuartzCore.framework; path = System/Library/Frameworks/QuartzCore.framework; sourceTree = SDKROOT; };
		1238869D20E77B0700F0DA4E /* OpenGLES.framework */ = {isa = PBXFileReference; lastKnownFileType = wrapper.framework; name = OpenGLES.framework; path = System/Library/Frameworks/OpenGLES.framework; sourceTree = SDKROOT; };
		1238869E20E77B0700F0DA4E /* CoreGraphics.framework */ = {isa = PBXFileReference; lastKnownFileType = wrapper.framework; name = CoreGraphics.framework; path = System/Library/Frameworks/CoreGraphics.framework; sourceTree = SDKROOT; };
		1238869F20E77B0700F0DA4E /* UIKit.framework */ = {isa = PBXFileReference; lastKnownFileType = wrapper.framework; name = UIKit.framework; path = System/Library/Frameworks/UIKit.framework; sourceTree = SDKROOT; };
		123886A020E77B0700F0DA4E /* Foundation.framework */ = {isa = PBXFileReference; lastKnownFileType = wrapper.framework; name = Foundation.framework; path = System/Library/Frameworks/Foundation.framework; sourceTree = SDKROOT; };
		123886A120E77B0700F0DA4E /* CoreAudio.framework */ = {isa = PBXFileReference; lastKnownFileType = wrapper.framework; name = CoreAudio.framework; path = System/Library/Frameworks/CoreAudio.framework; sourceTree = SDKROOT; };
		123886AC20E77D5400F0DA4E /* CoreVideo.framework */ = {isa = PBXFileReference; lastKnownFileType = wrapper.framework; name = CoreVideo.framework; path = System/Library/Frameworks/CoreVideo.framework; sourceTree = SDKROOT; };
		123886AE20E77D7500F0DA4E /* CoreMedia.framework */ = {isa = PBXFileReference; lastKnownFileType = wrapper.framework; name = CoreMedia.framework; path = System/Library/Frameworks/CoreMedia.framework; sourceTree = SDKROOT; };
		123886B020E77D8A00F0DA4E /* CoreFoundation.framework */ = {isa = PBXFileReference; lastKnownFileType = wrapper.framework; name = CoreFoundation.framework; path = System/Library/Frameworks/CoreFoundation.framework; sourceTree = SDKROOT; };
		123886B220E77D9300F0DA4E /* VideoToolbox.framework */ = {isa = PBXFileReference; lastKnownFileType = wrapper.framework; name = VideoToolbox.framework; path = System/Library/Frameworks/VideoToolbox.framework; sourceTree = SDKROOT; };
		123886B420E77DEF00F0DA4E /* libbz2.tbd */ = {isa = PBXFileReference; lastKnownFileType = "sourcecode.text-based-dylib-definition"; name = libbz2.tbd; path = usr/lib/libbz2.tbd; sourceTree = SDKROOT; };
		123886B520E77DEF00F0DA4E /* libz.tbd */ = {isa = PBXFileReference; lastKnownFileType = "sourcecode.text-based-dylib-definition"; name = libz.tbd; path = usr/lib/libz.tbd; sourceTree = SDKROOT; };
		123886B820E77E3400F0DA4E /* libiconv.tbd */ = {isa = PBXFileReference; lastKnownFileType = "sourcecode.text-based-dylib-definition"; name = libiconv.tbd; path = usr/lib/libiconv.tbd; sourceTree = SDKROOT; };
		12CD170420E74D7A0011DCD6 /* player.app */ = {isa = PBXFileReference; explicitFileType = wrapper.application; includeInIndex = 0; path = player.app; sourceTree = BUILT_PRODUCTS_DIR; };
		12CD171120E74D7A0011DCD6 /* Base */ = {isa = PBXFileReference; lastKnownFileType = file.storyboard; name = Base; path = Base.lproj/Main.storyboard; sourceTree = "<group>"; };
		12CD171320E74D7A0011DCD6 /* Assets.xcassets */ = {isa = PBXFileReference; lastKnownFileType = folder.assetcatalog; path = Assets.xcassets; sourceTree = "<group>"; };
		12CD171620E74D7A0011DCD6 /* Base */ = {isa = PBXFileReference; lastKnownFileType = file.storyboard; name = Base; path = Base.lproj/LaunchScreen.storyboard; sourceTree = "<group>"; };
		12CD171820E74D7A0011DCD6 /* Info.plist */ = {isa = PBXFileReference; lastKnownFileType = text.plist.xml; path = Info.plist; sourceTree = "<group>"; };
/* End PBXFileReference section */

/* Begin PBXFrameworksBuildPhase section */
		12CD170120E74D7A0011DCD6 /* Frameworks */ = {
			isa = PBXFrameworksBuildPhase;
			buildActionMask = 2147483647;
			files = (
				123886B920E77E3400F0DA4E /* libiconv.tbd in Frameworks */,
				123886B620E77DEF00F0DA4E /* libbz2.tbd in Frameworks */,
				123886B720E77DEF00F0DA4E /* libz.tbd in Frameworks */,
				123886A520E77B0700F0DA4E /* AudioToolbox.framework in Frameworks */,
				123886B320E77D9300F0DA4E /* VideoToolbox.framework in Frameworks */,
				123886B120E77D8A00F0DA4E /* CoreFoundation.framework in Frameworks */,
				123886AF20E77D7500F0DA4E /* CoreMedia.framework in Frameworks */,
				123886A220E77B0700F0DA4E /* AVFoundation.framework in Frameworks */,
				123886AD20E77D5400F0DA4E /* CoreVideo.framework in Frameworks */,
				123886A620E77B0700F0DA4E /* QuartzCore.framework in Frameworks */,
				1238869620E77A8400F0DA4E /* libFFL.a in Frameworks */,
				123886A920E77B0700F0DA4E /* UIKit.framework in Frameworks */,
				1238869720E77A8400F0DA4E /* libplayerLib.a in Frameworks */,
				123886A320E77B0700F0DA4E /* GameController.framework in Frameworks */,
				123886A820E77B0700F0DA4E /* CoreGraphics.framework in Frameworks */,
				1238867E20E7773200F0DA4E /* libavcodec.a in Frameworks */,
				123886AA20E77B0700F0DA4E /* Foundation.framework in Frameworks */,
				1238867F20E7773200F0DA4E /* libavdevice.a in Frameworks */,
				123886A420E77B0700F0DA4E /* CoreMotion.framework in Frameworks */,
				1238868020E7773200F0DA4E /* libavfilter.a in Frameworks */,
				1238868120E7773200F0DA4E /* libavformat.a in Frameworks */,
				1238868220E7773200F0DA4E /* libavutil.a in Frameworks */,
				123886A720E77B0700F0DA4E /* OpenGLES.framework in Frameworks */,
				1238868320E7773200F0DA4E /* libswresample.a in Frameworks */,
				1238868420E7773200F0DA4E /* libswscale.a in Frameworks */,
				123886AB20E77B0700F0DA4E /* CoreAudio.framework in Frameworks */,
				1238867620E7771400F0DA4E /* libSDL2.a in Frameworks */,
			);
			runOnlyForDeploymentPostprocessing = 0;
		};
/* End PBXFrameworksBuildPhase section */

/* Begin PBXGroup section */
		1238867420E7771400F0DA4E /* Frameworks */ = {
			isa = PBXGroup;
			children = (
				123886B820E77E3400F0DA4E /* libiconv.tbd */,
				123886B420E77DEF00F0DA4E /* libbz2.tbd */,
				123886B520E77DEF00F0DA4E /* libz.tbd */,
				123886B220E77D9300F0DA4E /* VideoToolbox.framework */,
				123886B020E77D8A00F0DA4E /* CoreFoundation.framework */,
				123886AE20E77D7500F0DA4E /* CoreMedia.framework */,
				123886AC20E77D5400F0DA4E /* CoreVideo.framework */,
				1238869820E77B0700F0DA4E /* AVFoundation.framework */,
				1238869920E77B0700F0DA4E /* GameController.framework */,
				1238869A20E77B0700F0DA4E /* CoreMotion.framework */,
				1238869B20E77B0700F0DA4E /* AudioToolbox.framework */,
				1238869C20E77B0700F0DA4E /* QuartzCore.framework */,
				1238869D20E77B0700F0DA4E /* OpenGLES.framework */,
				1238869E20E77B0700F0DA4E /* CoreGraphics.framework */,
				1238869F20E77B0700F0DA4E /* UIKit.framework */,
				123886A020E77B0700F0DA4E /* Foundation.framework */,
				123886A120E77B0700F0DA4E /* CoreAudio.framework */,
				1238867720E7773200F0DA4E /* libavcodec.a */,
				1238867820E7773200F0DA4E /* libavdevice.a */,
				1238867920E7773200F0DA4E /* libavfilter.a */,
				1238867A20E7773200F0DA4E /* libavformat.a */,
				1238867B20E7773200F0DA4E /* libavutil.a */,
				1238867C20E7773200F0DA4E /* libswresample.a */,
				1238867D20E7773200F0DA4E /* libswscale.a */,
				1238867520E7771400F0DA4E /* libSDL2.a */,
			);
			name = Frameworks;
			sourceTree = "<group>";
		};
		1238868820E77A2500F0DA4E /* Products */ = {
			isa = PBXGroup;
			children = (
				1238868F20E77A2500F0DA4E /* libFFL.a */,
				1238869120E77A2500F0DA4E /* libplayerLib.a */,
			);
			name = Products;
			sourceTree = "<group>";
		};
		12CD16FB20E74D7A0011DCD6 = {
			isa = PBXGroup;
			children = (
				1238868720E77A2500F0DA4E /* Project.xcodeproj */,
				12CD170620E74D7A0011DCD6 /* player */,
				12CD170520E74D7A0011DCD6 /* Products */,
				1238867420E7771400F0DA4E /* Frameworks */,
			);
			sourceTree = "<group>";
		};
		12CD170520E74D7A0011DCD6 /* Products */ = {
			isa = PBXGroup;
			children = (
				12CD170420E74D7A0011DCD6 /* player.app */,
			);
			name = Products;
			sourceTree = "<group>";
		};
		12CD170620E74D7A0011DCD6 /* player */ = {
			isa = PBXGroup;
			children = (
				1222FA6D20E78B60005CE33E /* main.cpp */,
				1222FA6E20E78B60005CE33E /* player.cpp */,
				1222FA6F20E78B60005CE33E /* testCmd.cpp */,
				12CD171020E74D7A0011DCD6 /* Main.storyboard */,
				12CD171320E74D7A0011DCD6 /* Assets.xcassets */,
				12CD171520E74D7A0011DCD6 /* LaunchScreen.storyboard */,
				12CD171820E74D7A0011DCD6 /* Info.plist */,
				12CD170720E74D7A0011DCD6 /* Supporting Files */,
			);
			path = player;
			sourceTree = "<group>";
		};
		12CD170720E74D7A0011DCD6 /* Supporting Files */ = {
			isa = PBXGroup;
			children = (
			);
			name = "Supporting Files";
			sourceTree = "<group>";
		};
/* End PBXGroup section */

/* Begin PBXNativeTarget section */
		12CD170320E74D7A0011DCD6 /* player */ = {
			isa = PBXNativeTarget;
			buildConfigurationList = 12CD171B20E74D7A0011DCD6 /* Build configuration list for PBXNativeTarget "player" */;
			buildPhases = (
				12CD170020E74D7A0011DCD6 /* Sources */,
				12CD170120E74D7A0011DCD6 /* Frameworks */,
				12CD170220E74D7A0011DCD6 /* Resources */,
			);
			buildRules = (
			);
			dependencies = (
				1238869320E77A7D00F0DA4E /* PBXTargetDependency */,
				1238869520E77A7D00F0DA4E /* PBXTargetDependency */,
			);
			name = player;
			productName = player;
			productReference = 12CD170420E74D7A0011DCD6 /* player.app */;
			productType = "com.apple.product-type.application";
		};
/* End PBXNativeTarget section */

/* Begin PBXProject section */
		12CD16FC20E74D7A0011DCD6 /* Project object */ = {
			isa = PBXProject;
			attributes = {
				LastUpgradeCheck = 0830;
				ORGANIZATIONNAME = "祝飞飞";
				TargetAttributes = {
					12CD170320E74D7A0011DCD6 = {
						CreatedOnToolsVersion = 8.3.3;
						ProvisioningStyle = Automatic;
					};
				};
			};
			buildConfigurationList = 12CD16FF20E74D7A0011DCD6 /* Build configuration list for PBXProject "player" */;
			compatibilityVersion = "Xcode 3.2";
			developmentRegion = English;
			hasScannedForEncodings = 0;
			knownRegions = (
				en,
				Base,
			);
			mainGroup = 12CD16FB20E74D7A0011DCD6;
			productRefGroup = 12CD170520E74D7A0011DCD6 /* Products */;
			projectDirPath = "";
			projectReferences = (
				{
					ProductGroup = 1238868820E77A2500F0DA4E /* Products */;
					ProjectRef = 1238868720E77A2500F0DA4E /* Project.xcodeproj */;
				},
			);
			projectRoot = "";
			targets = (
				12CD170320E74D7A0011DCD6 /* player */,
			);
		};
/* End PBXProject section */

/* Begin PBXReferenceProxy section */
		1238868F20E77A2500F0DA4E /* libFFL.a */ = {
			isa = PBXReferenceProxy;
			fileType = archive.ar;
			path = libFFL.a;
			remoteRef = 1238868E20E77A2500F0DA4E /* PBXContainerItemProxy */;
			sourceTree = BUILT_PRODUCTS_DIR;
		};
		1238869120E77A2500F0DA4E /* libplayerLib.a */ = {
			isa = PBXReferenceProxy;
			fileType = archive.ar;
			path = libplayerLib.a;
			remoteRef = 1238869020E77A2500F0DA4E /* PBXContainerItemProxy */;
			sourceTree = BUILT_PRODUCTS_DIR;
		};
/* End PBXReferenceProxy section */

/* Begin PBXResourcesBuildPhase section */
		12CD170220E74D7A0011DCD6 /* Resources */ = {
			isa = PBXResourcesBuildPhase;
			buildActionMask = 2147483647;
			files = (
				12CD171720E74D7A0011DCD6 /* LaunchScreen.storyboard in Resources */,
				12CD171420E74D7A0011DCD6 /* Assets.xcassets in Resources */,
				12CD171220E74D7A0011DCD6 /* Main.storyboard in Resources */,
			);
			runOnlyForDeploymentPostprocessing = 0;
		};
/* End PBXResourcesBuildPhase section */

/* Begin PBXSourcesBuildPhase section */
		12CD170020E74D7A0011DCD6 /* Sources */ = {
			isa = PBXSourcesBuildPhase;
			buildActionMask = 2147483647;
			files = (
				1222FA7220E78B60005CE33E /* testCmd.cpp in Sources */,
				1222FA7120E78B60005CE33E /* player.cpp in Sources */,
				1222FA7020E78B60005CE33E /* main.cpp in Sources */,
			);
			runOnlyForDeploymentPostprocessing = 0;
		};
/* End PBXSourcesBuildPhase section */

/* Begin PBXTargetDependency section */
		1238869320E77A7D00F0DA4E /* PBXTargetDependency */ = {
			isa = PBXTargetDependency;
			name = FFL;
			targetProxy = 1238869220E77A7D00F0DA4E /* PBXContainerItemProxy */;
		};
		1238869520E77A7D00F0DA4E /* PBXTargetDependency */ = {
			isa = PBXTargetDependency;
			name = playerLib;
			targetProxy = 1238869420E77A7D00F0DA4E /* PBXContainerItemProxy */;
		};
/* End PBXTargetDependency section */

/* Begin PBXVariantGroup section */
		12CD171020E74D7A0011DCD6 /* Main.storyboard */ = {
			isa = PBXVariantGroup;
			children = (
				12CD171120E74D7A0011DCD6 /* Base */,
			);
			name = Main.storyboard;
			sourceTree = "<group>";
		};
		12CD171520E74D7A0011DCD6 /* LaunchScreen.storyboard */ = {
			isa = PBXVariantGroup;
			children = (
				12CD171620E74D7A0011DCD6 /* Base */,
			);
			name = LaunchScreen.storyboard;
			sourceTree = "<group>";
		};
/* End PBXVariantGroup section */

/* Begin XCBuildConfiguration section */
		12CD171920E74D7A0011DCD6 /* Debug */ = {
			isa = XCBuildConfiguration;
			buildSettings = {
				ALWAYS_SEARCH_USER_PATHS = NO;
				CLANG_ANALYZER_NONNULL = YES;
				CLANG_ANALYZER_NUMBER_OBJECT_CONVERSION = YES_AGGRESSIVE;
				CLANG_CXX_LANGUAGE_STANDARD = "gnu++0x";
				CLANG_CXX_LIBRARY = "libc++";
				CLANG_ENABLE_MODULES = YES;
				CLANG_ENABLE_OBJC_ARC = YES;
				CLANG_WARN_BOOL_CONVERSION = YES;
				CLANG_WARN_CONSTANT_CONVERSION = YES;
				CLANG_WARN_DIRECT_OBJC_ISA_USAGE = YES_ERROR;
				CLANG_WARN_DOCUMENTATION_COMMENTS = YES;
				CLANG_WARN_EMPTY_BODY = YES;
				CLANG_WARN_ENUM_CONVERSION = YES;
				CLANG_WARN_INFINITE_RECURSION = YES;
				CLANG_WARN_INT_CONVERSION = YES;
				CLANG_WARN_OBJC_ROOT_CLASS = YES_ERROR;
				CLANG_WARN_SUSPICIOUS_MOVE = YES;
				CLANG_WARN_UNREACHABLE_CODE = YES;
				CLANG_WARN__DUPLICATE_METHOD_MATCH = YES;
				"CODE_SIGN_IDENTITY[sdk=iphoneos*]" = "iPhone Developer";
				COPY_PHASE_STRIP = NO;
				DEBUG_INFORMATION_FORMAT = dwarf;
				ENABLE_STRICT_OBJC_MSGSEND = YES;
				ENABLE_TESTABILITY = YES;
				GCC_C_LANGUAGE_STANDARD = gnu99;
				GCC_DYNAMIC_NO_PIC = NO;
				GCC_NO_COMMON_BLOCKS = YES;
				GCC_OPTIMIZATION_LEVEL = 0;
				GCC_PREPROCESSOR_DEFINITIONS = (
					"DEBUG=1",
					"$(inherited)",
				);
				GCC_WARN_64_TO_32_BIT_CONVERSION = YES;
				GCC_WARN_ABOUT_RETURN_TYPE = YES_ERROR;
				GCC_WARN_UNDECLARED_SELECTOR = YES;
				GCC_WARN_UNINITIALIZED_AUTOS = YES_AGGRESSIVE;
				GCC_WARN_UNUSED_FUNCTION = YES;
				GCC_WARN_UNUSED_VARIABLE = YES;
				HEADER_SEARCH_PATHS = (
					../../third/FFmpeg3.3.5/include,
					"../..//third/SDL2/include",
					../../player/playerlib,
					../../ffl/include,
				);
				IPHONEOS_DEPLOYMENT_TARGET = 10.3;
				LIBRARY_SEARCH_PATHS = (
					../../third/FFmpeg3.3.5/output_ios_static/lib,
					"../..//third/SDL2/lib/ios/Debug-iphonesimulator",
				);
				MTL_ENABLE_DEBUG_INFO = YES;
				ONLY_ACTIVE_ARCH = YES;
				SDKROOT = iphoneos;
			};
			name = Debug;
		};
		12CD171A20E74D7A0011DCD6 /* Release */ = {
			isa = XCBuildConfiguration;
			buildSettings = {
				ALWAYS_SEARCH_USER_PATHS = NO;
				CLANG_ANALYZER_NONNULL = YES;
				CLANG_ANALYZER_NUMBER_OBJECT_CONVERSION = YES_AGGRESSIVE;
				CLANG_CXX_LANGUAGE_STANDARD = "gnu++0x";
				CLANG_CXX_LIBRARY = "libc++";
				CLANG_ENABLE_MODULES = YES;
				CLANG_ENABLE_OBJC_ARC = YES;
				CLANG_WARN_BOOL_CONVERSION = YES;
				CLANG_WARN_CONSTANT_CONVERSION = YES;
				CLANG_WARN_DIRECT_OBJC_ISA_USAGE = YES_ERROR;
				CLANG_WARN_DOCUMENTATION_COMMENTS = YES;
				CLANG_WARN_EMPTY_BODY = YES;
				CLANG_WARN_ENUM_CONVERSION = YES;
				CLANG_WARN_INFINITE_RECURSION = YES;
				CLANG_WARN_INT_CONVERSION = YES;
				CLANG_WARN_OBJC_ROOT_CLASS = YES_ERROR;
				CLANG_WARN_SUSPICIOUS_MOVE = YES;
				CLANG_WARN_UNREACHABLE_CODE = YES;
				CLANG_WARN__DUPLICATE_METHOD_MATCH = YES;
				"CODE_SIGN_IDENTITY[sdk=iphoneos*]" = "iPhone Developer";
				COPY_PHASE_STRIP = NO;
				DEBUG_INFORMATION_FORMAT = "dwarf-with-dsym";
				ENABLE_NS_ASSERTIONS = NO;
				ENABLE_STRICT_OBJC_MSGSEND = YES;
				GCC_C_LANGUAGE_STANDARD = gnu99;
				GCC_NO_COMMON_BLOCKS = YES;
				GCC_WARN_64_TO_32_BIT_CONVERSION = YES;
				GCC_WARN_ABOUT_RETURN_TYPE = YES_ERROR;
				GCC_WARN_UNDECLARED_SELECTOR = YES;
				GCC_WARN_UNINITIALIZED_AUTOS = YES_AGGRESSIVE;
				GCC_WARN_UNUSED_FUNCTION = YES;
				GCC_WARN_UNUSED_VARIABLE = YES;
				HEADER_SEARCH_PATHS = (
					../../third/FFmpeg3.3.5/include,
					"../..//third/SDL2/include",
					../../player/playerlib,
					../../ffl/include,
				);
				IPHONEOS_DEPLOYMENT_TARGET = 10.3;
				LIBRARY_SEARCH_PATHS = (
					../../third/FFmpeg3.3.5/output_ios_static/lib,
					"../..//third/SDL2/lib/ios/Debug-iphonesimulator",
				);
				MTL_ENABLE_DEBUG_INFO = NO;
				SDKROOT = iphoneos;
				VALIDATE_PRODUCT = YES;
			};
			name = Release;
		};
		12CD171C20E74D7A0011DCD6 /* Debug */ = {
			isa = XCBuildConfiguration;
			buildSettings = {
				ASSETCATALOG_COMPILER_APPICON_NAME = AppIcon;
				HEADER_SEARCH_PATHS = (
					../../third/FFmpeg3.3.5/include,
					"../..//third/SDL2/include",
					../../player/playerlib,
					../../ffl/include,
				);
				INFOPLIST_FILE = player/Info.plist;
				LD_RUNPATH_SEARCH_PATHS = "$(inherited) @executable_path/Frameworks";
				PRODUCT_BUNDLE_IDENTIFIER = zzf.player;
				PRODUCT_NAME = "$(TARGET_NAME)";
			};
			name = Debug;
		};
		12CD171D20E74D7A0011DCD6 /* Release */ = {
			isa = XCBuildConfiguration;
			buildSettings = {
				ASSETCATALOG_COMPILER_APPICON_NAME = AppIcon;
				HEADER_SEARCH_PATHS = (
					../../third/FFmpeg3.3.5/include,
					"../..//third/SDL2/include",
					../../player/playerlib,
					../../ffl/include,
				);
				INFOPLIST_FILE = player/Info.plist;
				LD_RUNPATH_SEARCH_PATHS = "$(inherited) @executable_path/Frameworks";
				PRODUCT_BUNDLE_IDENTIFIER = zzf.player;
				PRODUCT_NAME = "$(TARGET_NAME)";
			};
			name = Release;
		};
/* End XCBuildConfiguration section */

/* Begin XCConfigurationList section */
		12CD16FF20E74D7A0011DCD6 /* Build configuration list for PBXProject "player" */ = {
			isa = XCConfigurationList;
			buildConfigurations = (
				12CD171920E74D7A0011DCD6 /* Debug */,
				12CD171A20E74D7A0011DCD6 /* Release */,
			);
			defaultConfigurationIsVisible = 0;
			defaultConfigurationName = Release;
		};
		12CD171B20E74D7A0011DCD6 /* Build configuration list for PBXNativeTarget "player" */ = {
			isa = XCConfigurationList;
			buildConfigurations = (
				12CD171C20E74D7A0011DCD6 /* Debug */,
				12CD171D20E74D7A0011DCD6 /* Release */,
			);
			defaultConfigurationIsVisible = 0;
			defaultConfigurationName = Release;
		};
/* End XCConfigurationList section */
	};
	rootObject = 12CD16FC20E74D7A0011DCD6 /* Project object */;
}
